
Microsoft Visual Studio Solution File, Format Version 12.00
# Visual Studio Version 17
VisualStudioVersion = 17.14.36930.0 d17.14
MinimumVisualStudioVersion = 10.0.40219.1
Project("{FAE04EC0-301F-11D3-BF4B-00C04F79EFBC}") = "SMBApp", "SMBApp\SMBApp.csproj", "{2A66BB57-DC00-4B06-B6B8-78876D64860C}"
EndProject
Global
	GlobalSection(SolutionConfigurationPlatforms) = preSolution
		Debug|Any CPU = Debug|Any CPU
		Release|Any CPU = Release|Any CPU
	EndGlobalSection
	GlobalSection(ProjectConfigurationPlatforms) = postSolution
		{2A66BB57-DC00-4B06-B6B8-78876D64860C}.Debug|Any CPU.ActiveCfg = Debug|Any CPU
		{2A66BB57-DC00-4B06-B6B8-78876D64860C}.Debug|Any CPU.Build.0 = Debug|Any CPU
		{2A66BB57-DC00-4B06-B6B8-78876D64860C}.Release|Any CPU.ActiveCfg = Release|Any CPU
		{2A66BB57-DC00-4B06-B6B8-78876D64860C}.Release|Any CPU.Build.0 = Release|Any CPU
	EndGlobalSection
	GlobalSection(SolutionProperties) = preSolution
		HideSolutionNode = FALSE
	EndGlobalSection
	GlobalSection(ExtensibilityGlobals) = postSolution
		SolutionGuid = {BA8C4B91-384B-45AE-B795-0B158A3543FD}
	EndGlobalSection
EndGlobal
